
Microsoft Visual Studio Solution File, Format Version 12.00
# Visual Studio Version 16
VisualStudioVersion = 16.0.29009.5
MinimumVisualStudioVersion = 10.0.40219.1
Project("{9A19103F-16F7-4668-BE54-9A1E7A4F7556}") = "SignaR", "SignaR\SignaR.csproj", "{73906C20-EEFB-466F-9490-D778DA0EE83C}"
EndProject
Project("{9A19103F-16F7-4668-BE54-9A1E7A4F7556}") = "SignalRCommon", "SignalRCommon\SignalRCommon.csproj", "{A9723F5F-4A18-494F-B745-18F7D6F309C9}"
EndProject
Project("{9A19103F-16F7-4668-BE54-9A1E7A4F7556}") = "SignalRTestClient", "SignalRTestClient\SignalRTestClient.csproj", "{D695CBC7-C16A-4455-95E7-294950B5A019}"
EndProject
Project("{FAE04EC0-301F-11D3-BF4B-00C04F79EFBC}") = "SignalR.Cache", "SignalR.Cache\SignalR.Cache.csproj", "{A4DFB36F-F509-4556-8F93-46A4065333EB}"
EndProject
Global
	GlobalSection(SolutionConfigurationPlatforms) = preSolution
		Debug|Any CPU = Debug|Any CPU
		Release|Any CPU = Release|Any CPU
	EndGlobalSection
	GlobalSection(ProjectConfigurationPlatforms) = postSolution
		{73906C20-EEFB-466F-9490-D778DA0EE83C}.Debug|Any CPU.ActiveCfg = Debug|Any CPU
		{73906C20-EEFB-466F-9490-D778DA0EE83C}.Debug|Any CPU.Build.0 = Debug|Any CPU
		{73906C20-EEFB-466F-9490-D778DA0EE83C}.Release|Any CPU.ActiveCfg = Release|Any CPU
		{73906C20-EEFB-466F-9490-D778DA0EE83C}.Release|Any CPU.Build.0 = Release|Any CPU
		{A9723F5F-4A18-494F-B745-18F7D6F309C9}.Debug|Any CPU.ActiveCfg = Debug|Any CPU
		{A9723F5F-4A18-494F-B745-18F7D6F309C9}.Debug|Any CPU.Build.0 = Debug|Any CPU
		{A9723F5F-4A18-494F-B745-18F7D6F309C9}.Release|Any CPU.ActiveCfg = Release|Any CPU
		{A9723F5F-4A18-494F-B745-18F7D6F309C9}.Release|Any CPU.Build.0 = Release|Any CPU
		{D695CBC7-C16A-4455-95E7-294950B5A019}.Debug|Any CPU.ActiveCfg = Debug|Any CPU
		{D695CBC7-C16A-4455-95E7-294950B5A019}.Debug|Any CPU.Build.0 = Debug|Any CPU
		{D695CBC7-C16A-4455-95E7-294950B5A019}.Release|Any CPU.ActiveCfg = Release|Any CPU
		{D695CBC7-C16A-4455-95E7-294950B5A019}.Release|Any CPU.Build.0 = Release|Any CPU
		{A4DFB36F-F509-4556-8F93-46A4065333EB}.Debug|Any CPU.ActiveCfg = Debug|Any CPU
		{A4DFB36F-F509-4556-8F93-46A4065333EB}.Debug|Any CPU.Build.0 = Debug|Any CPU
		{A4DFB36F-F509-4556-8F93-46A4065333EB}.Release|Any CPU.ActiveCfg = Release|Any CPU
		{A4DFB36F-F509-4556-8F93-46A4065333EB}.Release|Any CPU.Build.0 = Release|Any CPU
	EndGlobalSection
	GlobalSection(SolutionProperties) = preSolution
		HideSolutionNode = FALSE
	EndGlobalSection
	GlobalSection(ExtensibilityGlobals) = postSolution
		SolutionGuid = {C646BF8F-9703-41FF-AA90-A81268C10D46}
	EndGlobalSection
EndGlobal
